{
  "version": 4,
  "terraform_version": "1.5.0",
  "serial": 7,
  "lineage": "8248413e-f718-e0b5-7ef6-a6d41dd60a7b",
  "outputs": {},
  "resources": [
    {
      "mode": "managed",
      "type": "yandex_vpc_security_group",
      "name": "mysql_sg",
      "provider": "provider[\"registry.terraform.io/yandex-cloud/yandex\"]",
      "instances": [
        {
          "index_key": 0,
          "schema_version": 0,
          "attributes": {
            "created_at": "2023-06-16T10:01:59Z",
            "description": "mysql security group",
            "egress": [
              {
                "description": "outgoing-all",
                "from_port": 0,
                "id": "enpu969jfi3svm5ftubv",
                "labels": {},
                "port": -1,
                "predefined_target": "",
                "protocol": "ANY",
                "security_group_id": "",
                "to_port": 65535,
                "v4_cidr_blocks": [
                  "0.0.0.0/0"
                ],
                "v6_cidr_blocks": []
              }
            ],
            "folder_id": "b1g1r3h3cgc8tkumd5a6",
            "id": "enpqsibiv6ap7b9lri9l",
            "ingress": [
              {
                "description": "incoming-mysql",
                "from_port": -1,
                "id": "enpvj1lhv3ovvg5do752",
                "labels": {},
                "port": 3306,
                "predefined_target": "",
                "protocol": "TCP",
                "security_group_id": "",
                "to_port": -1,
                "v4_cidr_blocks": [
                  "0.0.0.0/0"
                ],
                "v6_cidr_blocks": []
              }
            ],
            "labels": {},
            "name": "sg-mysql",
            "network_id": "enp7tva0919aur9e6not",
            "status": "ACTIVE",
            "timeouts": null
          },
          "sensitive_attributes": [],
          "private": "eyJlMmJmYjczMC1lY2FhLTExZTYtOGY4OC0zNDM2M2JjN2M0YzAiOnsiY3JlYXRlIjoxODAwMDAwMDAwMDAsImRlbGV0ZSI6MTgwMDAwMDAwMDAwLCJ1cGRhdGUiOjE4MDAwMDAwMDAwMH19"
        }
      ]
    },
    {
      "module": "module.db",
      "mode": "data",
      "type": "yandex_client_config",
      "name": "client",
      "provider": "provider[\"registry.terraform.io/yandex-cloud/yandex\"]",
      "instances": [
        {
          "schema_version": 0,
          "attributes": {
            "cloud_id": "b1g3tqqrc72u1ccafdck",
            "folder_id": "b1g1r3h3cgc8tkumd5a6",
            "iam_token": "t1.9euelZqbnIvLjozMkI6Mjo7Lz52Jju3rnpWaisiPyZmYnIuaiorGmJSPzp3l8_d7b09b-e9tFQRh_t3z9zseTVv5720VBGH-zef1656VmseMlZuajo7JiZaSyJ2bmpfP7_zF656VmseMlZuajo7JiZaSyJ2bmpfPveuelZqNk5KUmIzGx4_PmMmLyY2Vi7XrhpzRlp6S0ZCPmpGWm9KMmo2Jmo0.WIAgrCum79fPBR80v-x81x3FDt5MU428f1M83cjIwEm8LT11GKfe1X6MMZQtcW822zp9uPXKtdPbUkMf3jUFCw",
            "id": "49897374",
            "zone": ""
          },
          "sensitive_attributes": []
        }
      ]
    },
    {
      "module": "module.db",
      "mode": "managed",
      "type": "random_password",
      "name": "password",
      "provider": "provider[\"registry.terraform.io/hashicorp/random\"]",
      "instances": [
        {
          "index_key": "simpleapp-owner",
          "schema_version": 3,
          "attributes": {
            "bcrypt_hash": "$2a$10$mrFbHXqho2RjZzv33ZbLPuy.RLpMNW0.yK4i5YsXA74qDiXRoTIf6",
            "id": "none",
            "keepers": null,
            "length": 16,
            "lower": true,
            "min_lower": 1,
            "min_numeric": 1,
            "min_special": 1,
            "min_upper": 1,
            "number": true,
            "numeric": true,
            "override_special": "_",
            "result": "_IV0bplEwsdxgssK",
            "special": true,
            "upper": true
          },
          "sensitive_attributes": []
        },
        {
          "index_key": "simpleapp-proc",
          "schema_version": 3,
          "attributes": {
            "bcrypt_hash": "$2a$10$hUuYksngohvtPdu6eryisu5MyzBxonaQGhI4vI.H3ZdtxmDdH20NS",
            "id": "none",
            "keepers": null,
            "length": 16,
            "lower": true,
            "min_lower": 1,
            "min_numeric": 1,
            "min_special": 1,
            "min_upper": 1,
            "number": true,
            "numeric": true,
            "override_special": "_",
            "result": "1ln75vA1iONAy_Ls",
            "special": true,
            "upper": true
          },
          "sensitive_attributes": []
        }
      ]
    },
    {
      "module": "module.db",
      "mode": "managed",
      "type": "yandex_mdb_mysql_cluster",
      "name": "this",
      "provider": "provider[\"registry.terraform.io/yandex-cloud/yandex\"]",
      "instances": [
        {
          "schema_version": 0,
          "attributes": {
            "access": [
              {
                "data_lens": false,
                "data_transfer": false,
                "web_sql": true
              }
            ],
            "allow_regeneration_host": false,
            "backup_retain_period_days": 7,
            "backup_window_start": [
              {
                "hours": 0,
                "minutes": 0
              }
            ],
            "created_at": "2023-06-16T10:02:01Z",
            "database": [],
            "deletion_protection": false,
            "description": "Single-node MySQL cluster for test purposes",
            "environment": "PRODUCTION",
            "folder_id": "b1g1r3h3cgc8tkumd5a6",
            "health": "HEALTH_UNKNOWN",
            "host": [
              {
                "assign_public_ip": true,
                "backup_priority": 0,
                "fqdn": "rc1a-0clsncctrylxxhhs.mdb.yandexcloud.net",
                "name": "",
                "priority": 0,
                "replication_source": "",
                "replication_source_name": "",
                "subnet_id": "e9budt6on26su6bubprj",
                "zone": "ru-central1-a"
              }
            ],
            "host_group_ids": [],
            "id": "c9qm9ied6tckhbj6g9gi",
            "labels": null,
            "maintenance_window": [
              {
                "day": "SUN",
                "hour": 2,
                "type": "WEEKLY"
              }
            ],
            "mysql_config": {
              "binlog_transaction_dependency_tracking": "0",
              "character_set_server": "utf8",
              "collation_server": "utf8_unicode_ci",
              "default_authentication_plugin": "MYSQL_NATIVE_PASSWORD",
              "log_slow_rate_type": "0",
              "transaction_isolation": "READ_COMMITTED"
            },
            "name": "sample-app",
            "network_id": "enp7tva0919aur9e6not",
            "performance_diagnostics": [
              {
                "enabled": true,
                "sessions_sampling_interval": 60,
                "statements_sampling_interval": 600
              }
            ],
            "resources": [
              {
                "disk_size": 20,
                "disk_type_id": "network-ssd",
                "resource_preset_id": "s2.micro"
              }
            ],
            "restore": [],
            "security_group_ids": [
              "enpqsibiv6ap7b9lri9l"
            ],
            "status": "RUNNING",
            "timeouts": null,
            "user": [],
            "version": "8.0"
          },
          "sensitive_attributes": [],
          "private": "eyJlMmJmYjczMC1lY2FhLTExZTYtOGY4OC0zNDM2M2JjN2M0YzAiOnsiY3JlYXRlIjo5MDAwMDAwMDAwMDAsImRlbGV0ZSI6OTAwMDAwMDAwMDAwLCJ1cGRhdGUiOjM2MDAwMDAwMDAwMDB9fQ==",
          "dependencies": [
            "module.db.data.yandex_client_config.client",
            "yandex_vpc_security_group.mysql_sg"
          ]
        }
      ]
    },
    {
      "module": "module.db",
      "mode": "managed",
      "type": "yandex_mdb_mysql_database",
      "name": "database",
      "provider": "provider[\"registry.terraform.io/yandex-cloud/yandex\"]",
      "instances": [
        {
          "index_key": "simpleapp",
          "schema_version": 0,
          "attributes": {
            "cluster_id": "c9qm9ied6tckhbj6g9gi",
            "id": "c9qm9ied6tckhbj6g9gi:simpleapp",
            "name": "simpleapp",
            "timeouts": null
          },
          "sensitive_attributes": [],
          "private": "eyJlMmJmYjczMC1lY2FhLTExZTYtOGY4OC0zNDM2M2JjN2M0YzAiOnsiY3JlYXRlIjo2MDAwMDAwMDAwMDAsImRlbGV0ZSI6NjAwMDAwMDAwMDAwLCJyZWFkIjo2MDAwMDAwMDAwMCwidXBkYXRlIjo2MDAwMDAwMDAwMDB9fQ==",
          "dependencies": [
            "module.db.data.yandex_client_config.client",
            "module.db.yandex_mdb_mysql_cluster.this",
            "yandex_vpc_security_group.mysql_sg"
          ]
        }
      ]
    },
    {
      "module": "module.db",
      "mode": "managed",
      "type": "yandex_mdb_mysql_user",
      "name": "user",
      "provider": "provider[\"registry.terraform.io/yandex-cloud/yandex\"]",
      "instances": [
        {
          "index_key": "simpleapp-owner",
          "schema_version": 0,
          "attributes": {
            "authentication_plugin": null,
            "cluster_id": "c9qm9ied6tckhbj6g9gi",
            "connection_limits": [],
            "global_permissions": [],
            "id": "c9qm9ied6tckhbj6g9gi:simpleapp-owner",
            "name": "simpleapp-owner",
            "password": "_IV0bplEwsdxgssK",
            "permission": [
              {
                "database_name": "simpleapp",
                "roles": [
                  "ALL"
                ]
              }
            ],
            "timeouts": null
          },
          "sensitive_attributes": [
            [
              {
                "type": "get_attr",
                "value": "password"
              }
            ]
          ],
          "private": "eyJlMmJmYjczMC1lY2FhLTExZTYtOGY4OC0zNDM2M2JjN2M0YzAiOnsiY3JlYXRlIjo2MDAwMDAwMDAwMDAsImRlbGV0ZSI6NjAwMDAwMDAwMDAwLCJyZWFkIjo2MDAwMDAwMDAwMCwidXBkYXRlIjo2MDAwMDAwMDAwMDB9fQ==",
          "dependencies": [
            "module.db.data.yandex_client_config.client",
            "module.db.random_password.password",
            "module.db.yandex_mdb_mysql_cluster.this",
            "module.db.yandex_mdb_mysql_database.database",
            "yandex_vpc_security_group.mysql_sg"
          ]
        },
        {
          "index_key": "simpleapp-proc",
          "schema_version": 0,
          "attributes": {
            "authentication_plugin": null,
            "cluster_id": "c9qm9ied6tckhbj6g9gi",
            "connection_limits": [],
            "global_permissions": [
              "PROCESS"
            ],
            "id": "c9qm9ied6tckhbj6g9gi:simpleapp-proc",
            "name": "simpleapp-proc",
            "password": "1ln75vA1iONAy_Ls",
            "permission": [],
            "timeouts": null
          },
          "sensitive_attributes": [
            [
              {
                "type": "get_attr",
                "value": "password"
              }
            ]
          ],
          "private": "eyJlMmJmYjczMC1lY2FhLTExZTYtOGY4OC0zNDM2M2JjN2M0YzAiOnsiY3JlYXRlIjo2MDAwMDAwMDAwMDAsImRlbGV0ZSI6NjAwMDAwMDAwMDAwLCJyZWFkIjo2MDAwMDAwMDAwMCwidXBkYXRlIjo2MDAwMDAwMDAwMDB9fQ==",
          "dependencies": [
            "module.db.data.yandex_client_config.client",
            "module.db.random_password.password",
            "module.db.yandex_mdb_mysql_cluster.this",
            "module.db.yandex_mdb_mysql_database.database",
            "yandex_vpc_security_group.mysql_sg"
          ]
        }
      ]
    }
  ],
  "check_results": null
}
