{
  "version": 4,
  "terraform_version": "1.5.0",
  "serial": 53,
  "lineage": "0617fada-c13d-42d3-dfcb-57f409494da1",
  "outputs": {
    "external_cluster_cmd_str": {
      "value": "yc managed-kubernetes cluster get-credentials --id catan0f9b8l6r2p8gd40 --external",
      "type": "string"
    },
    "kube_cluster_id": {
      "value": "catan0f9b8l6r2p8gd40",
      "type": "string"
    },
    "kube_cluster_name": {
      "value": "k8s-cluster-flf7qwvy",
      "type": "string"
    }
  },
  "resources": [
    {
      "module": "module.kube",
      "mode": "data",
      "type": "yandex_client_config",
      "name": "client",
      "provider": "provider[\"registry.terraform.io/yandex-cloud/yandex\"]",
      "instances": [
        {
          "schema_version": 0,
          "attributes": {
            "cloud_id": "b1g3tqqrc72u1ccafdck",
            "folder_id": "b1g1r3h3cgc8tkumd5a6",
            "iam_token": "t1.9euelZqbnIvLjozMkI6Mjo7Lz52Jju3rnpWaisiPyZmYnIuaiorGmJSPzp3l8_d7b09b-e9tFQRh_t3z9zseTVv5720VBGH-zef1656VmseMlZuajo7JiZaSyJ2bmpfP7_zF656VmseMlZuajo7JiZaSyJ2bmpfPveuelZqNk5KUmIzGx4_PmMmLyY2Vi7XrhpzRlp6S0ZCPmpGWm9KMmo2Jmo0.WIAgrCum79fPBR80v-x81x3FDt5MU428f1M83cjIwEm8LT11GKfe1X6MMZQtcW822zp9uPXKtdPbUkMf3jUFCw",
            "id": "49897374",
            "zone": ""
          },
          "sensitive_attributes": []
        }
      ]
    },
    {
      "module": "module.kube",
      "mode": "managed",
      "type": "random_string",
      "name": "unique_id",
      "provider": "provider[\"registry.terraform.io/hashicorp/random\"]",
      "instances": [
        {
          "schema_version": 2,
          "attributes": {
            "id": "flf7qwvy",
            "keepers": null,
            "length": 8,
            "lower": true,
            "min_lower": 0,
            "min_numeric": 0,
            "min_special": 0,
            "min_upper": 0,
            "number": true,
            "numeric": true,
            "override_special": null,
            "result": "flf7qwvy",
            "special": false,
            "upper": false
          },
          "sensitive_attributes": []
        }
      ]
    },
    {
      "module": "module.kube",
      "mode": "managed",
      "type": "yandex_iam_service_account",
      "name": "master",
      "provider": "provider[\"registry.terraform.io/yandex-cloud/yandex\"]",
      "instances": [
        {
          "schema_version": 0,
          "attributes": {
            "created_at": "2023-06-16T07:38:27Z",
            "description": "",
            "folder_id": "b1g1r3h3cgc8tkumd5a6",
            "id": "aje95ufcmbp33dt2pgkg",
            "name": "k8s-service-account-flf7qwvy",
            "timeouts": null
          },
          "sensitive_attributes": [],
          "private": "eyJlMmJmYjczMC1lY2FhLTExZTYtOGY4OC0zNDM2M2JjN2M0YzAiOnsiY3JlYXRlIjo2MDAwMDAwMDAwMCwiZGVsZXRlIjo2MDAwMDAwMDAwMCwidXBkYXRlIjo2MDAwMDAwMDAwMH19",
          "dependencies": [
            "module.kube.data.yandex_client_config.client",
            "module.kube.random_string.unique_id"
          ]
        }
      ]
    },
    {
      "module": "module.kube",
      "mode": "managed",
      "type": "yandex_iam_service_account",
      "name": "node_account",
      "provider": "provider[\"registry.terraform.io/yandex-cloud/yandex\"]",
      "instances": [
        {
          "schema_version": 0,
          "attributes": {
            "created_at": "2023-06-16T07:38:26Z",
            "description": "",
            "folder_id": "b1g1r3h3cgc8tkumd5a6",
            "id": "ajeue31sv0jen6jjnlig",
            "name": "k8s-node-account-flf7qwvy",
            "timeouts": null
          },
          "sensitive_attributes": [],
          "private": "eyJlMmJmYjczMC1lY2FhLTExZTYtOGY4OC0zNDM2M2JjN2M0YzAiOnsiY3JlYXRlIjo2MDAwMDAwMDAwMCwiZGVsZXRlIjo2MDAwMDAwMDAwMCwidXBkYXRlIjo2MDAwMDAwMDAwMH19",
          "dependencies": [
            "module.kube.data.yandex_client_config.client",
            "module.kube.random_string.unique_id"
          ]
        }
      ]
    },
    {
      "module": "module.kube",
      "mode": "managed",
      "type": "yandex_kms_symmetric_key",
      "name": "kms_key",
      "provider": "provider[\"registry.terraform.io/yandex-cloud/yandex\"]",
      "instances": [
        {
          "index_key": 0,
          "schema_version": 1,
          "attributes": {
            "created_at": "2023-06-16T07:38:25Z",
            "default_algorithm": "AES_256",
            "deletion_protection": false,
            "description": "K8S KMS symetric key",
            "folder_id": "b1g1r3h3cgc8tkumd5a6",
            "id": "abj3aqa9p29at4e4288a",
            "labels": null,
            "name": "k8s-kms-key-flf7qwvy-flf7qwvy",
            "rotated_at": "",
            "rotation_period": "8760h0m0s",
            "status": "active",
            "timeouts": null
          },
          "sensitive_attributes": [],
          "private": "eyJlMmJmYjczMC1lY2FhLTExZTYtOGY4OC0zNDM2M2JjN2M0YzAiOnsiY3JlYXRlIjo2MDAwMDAwMDAwMCwiZGVsZXRlIjo2MDAwMDAwMDAwMCwicmVhZCI6NjAwMDAwMDAwMDAsInVwZGF0ZSI6NjAwMDAwMDAwMDB9LCJzY2hlbWFfdmVyc2lvbiI6IjEifQ==",
          "dependencies": [
            "module.kube.data.yandex_client_config.client",
            "module.kube.random_string.unique_id"
          ]
        }
      ]
    },
    {
      "module": "module.kube",
      "mode": "managed",
      "type": "yandex_kms_symmetric_key_iam_binding",
      "name": "encrypter_decrypter",
      "provider": "provider[\"registry.terraform.io/yandex-cloud/yandex\"]",
      "instances": [
        {
          "index_key": 0,
          "schema_version": 0,
          "attributes": {
            "id": "abj3aqa9p29at4e4288a/kms.keys.encrypterDecrypter",
            "members": [
              "serviceAccount:aje95ufcmbp33dt2pgkg"
            ],
            "role": "kms.keys.encrypterDecrypter",
            "sleep_after": null,
            "symmetric_key_id": "abj3aqa9p29at4e4288a"
          },
          "sensitive_attributes": [],
          "private": "bnVsbA==",
          "dependencies": [
            "module.kube.data.yandex_client_config.client",
            "module.kube.random_string.unique_id",
            "module.kube.yandex_iam_service_account.master",
            "module.kube.yandex_kms_symmetric_key.kms_key"
          ]
        }
      ]
    },
    {
      "module": "module.kube",
      "mode": "managed",
      "type": "yandex_kubernetes_cluster",
      "name": "kube_cluster",
      "provider": "provider[\"registry.terraform.io/yandex-cloud/yandex\"]",
      "instances": [
        {
          "schema_version": 0,
          "attributes": {
            "cluster_ipv4_range": "172.17.0.0/16",
            "cluster_ipv6_range": "",
            "created_at": "2023-06-16T07:38:43Z",
            "description": "Yandex Managed K8S cluster",
            "folder_id": "b1g1r3h3cgc8tkumd5a6",
            "health": "healthy",
            "id": "catan0f9b8l6r2p8gd40",
            "kms_provider": [],
            "labels": {},
            "log_group_id": "ckgjc567pbasec84ot2r",
            "master": [
              {
                "cluster_ca_certificate": "-----BEGIN CERTIFICATE-----\nMIIC5zCCAc+gAwIBAgIBADANBgkqhkiG9w0BAQsFADAVMRMwEQYDVQQDEwprdWJl\ncm5ldGVzMB4XDTIzMDYxNjA3Mzg0NVoXDTMzMDYxMzA3Mzg0NVowFTETMBEGA1UE\nAxMKa3ViZXJuZXRlczCCASIwDQYJKoZIhvcNAQEBBQADggEPADCCAQoCggEBALL/\nNHT3NPZvQZDWG5RNR02Vzm06FmUsdzc0VzAsln7+nG65i1UZpYnMT/eZd0QdF4zm\n03AmpkDWVqTndpoqbj/QsI/HwA28/OylSZYTO6q4bKVAI3yO6nbCM6qWocUK5K1Y\nhd4FrcoBIXsHrAsgdgTKiXplehrXvmjL0DGf5CbtMqPFC+8yYQy3JOd9eG+5dBbs\nEcgu4oYdj95buCrmM5Fmpc7M/JikQM7rR3Me8GTUmE4bgjKmlns6ZIOpbVCTywx5\n9gyhoKU/vqc+Ioa8c/yuoNJbiM73cIloPmAAS4r6TulT+f7kqINVASCkoTsehrlt\nGGKwp3bVSGRrwz9EGdsCAwEAAaNCMEAwDgYDVR0PAQH/BAQDAgKkMA8GA1UdEwEB\n/wQFMAMBAf8wHQYDVR0OBBYEFHariHm6Uj0fSVgHcPfb6XFrkMNTMA0GCSqGSIb3\nDQEBCwUAA4IBAQAPt9H0P8qCvy52t6KA31xi8+lTSKIr54DhOoGrotx2xHTPnsM/\nyDKiIxWASYn5MQ8s39885vhzbw4e+/2U2HsKLlj0ex77H47YTTFy8rh3xv02Hini\nTnjB7Ua/MjOd+547m3TK49orICDyn1E+aF1rcsHIWR7PTBoYsq/jbZ32Rxe3BqAq\n+hbdHLBMK4vQMnYqBOfZp0kLkwpMy1LvYI7yX14Zq0E1dWIcRSbg8vySValHnM1F\nMerxABZwJKhAODWcm5EI3BjIxAXzenGQCOXkNFh4x53bkoHM29LOJG9U/RKIGFt3\nxvkKzW7MSR/FHpt/JhCoPs95BEemiI9WTodM\n-----END CERTIFICATE-----\n",
                "external_v4_address": "158.160.111.57",
                "external_v4_endpoint": "https://158.160.111.57",
                "external_v6_address": "",
                "external_v6_endpoint": "",
                "internal_v4_address": "10.110.0.22",
                "internal_v4_endpoint": "https://10.110.0.22",
                "maintenance_policy": [
                  {
                    "auto_upgrade": true,
                    "maintenance_window": [
                      {
                        "day": "monday",
                        "duration": "3h",
                        "start_time": "23:00"
                      }
                    ]
                  }
                ],
                "master_logging": [
                  {
                    "audit_enabled": false,
                    "cluster_autoscaler_enabled": true,
                    "enabled": true,
                    "events_enabled": true,
                    "folder_id": "b1g1r3h3cgc8tkumd5a6",
                    "kube_apiserver_enabled": true,
                    "log_group_id": ""
                  }
                ],
                "public_ip": true,
                "regional": [
                  {
                    "location": [
                      {
                        "subnet_id": "e9budt6on26su6bubprj",
                        "zone": "ru-central1-a"
                      },
                      {
                        "subnet_id": "e2lb6dv9aabm8djao09f",
                        "zone": "ru-central1-b"
                      },
                      {
                        "subnet_id": "b0cnf9hn1d4bv3o8vkne",
                        "zone": "ru-central1-c"
                      }
                    ],
                    "region": "ru-central1"
                  }
                ],
                "security_group_ids": [
                  "enp0gucllu5hbl922kv7",
                  "enpepsrmdb3jafvdn5d9",
                  "enprqgasotpdauil6gq4"
                ],
                "version": "1.23",
                "version_info": [
                  {
                    "current_version": "1.23",
                    "new_revision_available": false,
                    "new_revision_summary": "",
                    "version_deprecated": false
                  }
                ],
                "zonal": []
              }
            ],
            "name": "k8s-cluster-flf7qwvy",
            "network_id": "enp7tva0919aur9e6not",
            "network_implementation": [],
            "network_policy_provider": "CALICO",
            "node_ipv4_cidr_mask_size": 24,
            "node_service_account_id": "ajeue31sv0jen6jjnlig",
            "release_channel": "REGULAR",
            "service_account_id": "aje95ufcmbp33dt2pgkg",
            "service_ipv4_range": "172.18.0.0/16",
            "service_ipv6_range": "",
            "status": "running",
            "timeouts": {
              "create": "60m",
              "delete": "60m",
              "read": null,
              "update": "60m"
            }
          },
          "sensitive_attributes": [],
          "private": "eyJlMmJmYjczMC1lY2FhLTExZTYtOGY4OC0zNDM2M2JjN2M0YzAiOnsiY3JlYXRlIjozNjAwMDAwMDAwMDAwLCJkZWxldGUiOjM2MDAwMDAwMDAwMDAsInJlYWQiOjMwMDAwMDAwMDAwMCwidXBkYXRlIjozNjAwMDAwMDAwMDAwfX0=",
          "dependencies": [
            "module.kube.data.yandex_client_config.client",
            "module.kube.random_string.unique_id",
            "module.kube.yandex_iam_service_account.master",
            "module.kube.yandex_iam_service_account.node_account",
            "module.kube.yandex_kms_symmetric_key.kms_key",
            "module.kube.yandex_resourcemanager_folder_iam_member.node_account",
            "module.kube.yandex_resourcemanager_folder_iam_member.sa_calico_network_policy_role",
            "module.kube.yandex_resourcemanager_folder_iam_member.sa_cilium_network_policy_role",
            "module.kube.yandex_resourcemanager_folder_iam_member.sa_logging_writer_role",
            "module.kube.yandex_resourcemanager_folder_iam_member.sa_node_group_loadbalancer_role_admin",
            "module.kube.yandex_resourcemanager_folder_iam_member.sa_node_group_public_role_admin",
            "module.kube.yandex_resourcemanager_folder_iam_member.sa_public_loadbalancers_role",
            "module.kube.yandex_vpc_security_group.k8s_custom_rules_sg",
            "module.kube.yandex_vpc_security_group.k8s_main_sg",
            "module.kube.yandex_vpc_security_group.k8s_master_whitelist_sg",
            "module.kube.yandex_vpc_security_group.k8s_nodes_ssh_access_sg"
          ]
        }
      ]
    },
    {
      "module": "module.kube",
      "mode": "managed",
      "type": "yandex_kubernetes_node_group",
      "name": "kube_node_groups",
      "provider": "provider[\"registry.terraform.io/yandex-cloud/yandex\"]",
      "instances": [
        {
          "index_key": "ng-01",
          "schema_version": 0,
          "attributes": {
            "allocation_policy": [
              {
                "location": [
                  {
                    "subnet_id": "e9budt6on26su6bubprj",
                    "zone": "ru-central1-a"
                  },
                  {
                    "subnet_id": "e2lb6dv9aabm8djao09f",
                    "zone": "ru-central1-b"
                  }
                ]
              }
            ],
            "allowed_unsafe_sysctls": null,
            "cluster_id": "catan0f9b8l6r2p8gd40",
            "created_at": "2023-06-16T07:44:34Z",
            "deploy_policy": [
              {
                "max_expansion": 1,
                "max_unavailable": 1
              }
            ],
            "description": "Kubernetes nodes group 01",
            "id": "catnag4u11geh9dpnj9m",
            "instance_group_id": "cl10l8hb18u7uh0m1j4t",
            "instance_template": [
              {
                "boot_disk": [
                  {
                    "size": 32,
                    "type": "network-ssd"
                  }
                ],
                "container_network": [
                  {
                    "pod_mtu": 0
                  }
                ],
                "container_runtime": [
                  {
                    "type": "containerd"
                  }
                ],
                "labels": null,
                "metadata": {},
                "name": "",
                "nat": false,
                "network_acceleration_type": "standard",
                "network_interface": [
                  {
                    "ipv4": true,
                    "ipv4_dns_records": [],
                    "ipv6": false,
                    "ipv6_dns_records": [],
                    "nat": false,
                    "security_group_ids": [
                      "enp0gucllu5hbl922kv7",
                      "enpepsrmdb3jafvdn5d9",
                      "enprqgasotpdauil6gq4"
                    ],
                    "subnet_ids": [
                      "e2lb6dv9aabm8djao09f",
                      "e9budt6on26su6bubprj"
                    ]
                  }
                ],
                "placement_policy": [],
                "platform_id": "standard-v3",
                "resources": [
                  {
                    "core_fraction": 100,
                    "cores": 4,
                    "gpus": 0,
                    "memory": 8
                  }
                ],
                "scheduling_policy": [
                  {
                    "preemptible": false
                  }
                ]
              }
            ],
            "labels": {},
            "maintenance_policy": [
              {
                "auto_repair": true,
                "auto_upgrade": true,
                "maintenance_window": [
                  {
                    "day": "monday",
                    "duration": "3h",
                    "start_time": "23:00"
                  }
                ]
              }
            ],
            "name": "ng-01",
            "node_labels": {
              "environment": "dev",
              "role": "worker-01"
            },
            "node_taints": null,
            "scale_policy": [
              {
                "auto_scale": [],
                "fixed_scale": [
                  {
                    "size": 3
                  }
                ]
              }
            ],
            "status": "running",
            "timeouts": null,
            "version": "1.23",
            "version_info": [
              {
                "current_version": "1.23",
                "new_revision_available": false,
                "new_revision_summary": "",
                "version_deprecated": false
              }
            ]
          },
          "sensitive_attributes": [],
          "private": "eyJlMmJmYjczMC1lY2FhLTExZTYtOGY4OC0zNDM2M2JjN2M0YzAiOnsiY3JlYXRlIjozNjAwMDAwMDAwMDAwLCJkZWxldGUiOjEyMDAwMDAwMDAwMDAsInJlYWQiOjYwMDAwMDAwMDAwMCwidXBkYXRlIjozNjAwMDAwMDAwMDAwfX0=",
          "dependencies": [
            "module.kube.data.yandex_client_config.client",
            "module.kube.random_string.unique_id",
            "module.kube.yandex_iam_service_account.master",
            "module.kube.yandex_iam_service_account.node_account",
            "module.kube.yandex_kms_symmetric_key.kms_key",
            "module.kube.yandex_kubernetes_cluster.kube_cluster",
            "module.kube.yandex_resourcemanager_folder_iam_member.node_account",
            "module.kube.yandex_resourcemanager_folder_iam_member.sa_calico_network_policy_role",
            "module.kube.yandex_resourcemanager_folder_iam_member.sa_cilium_network_policy_role",
            "module.kube.yandex_resourcemanager_folder_iam_member.sa_logging_writer_role",
            "module.kube.yandex_resourcemanager_folder_iam_member.sa_node_group_loadbalancer_role_admin",
            "module.kube.yandex_resourcemanager_folder_iam_member.sa_node_group_public_role_admin",
            "module.kube.yandex_resourcemanager_folder_iam_member.sa_public_loadbalancers_role",
            "module.kube.yandex_vpc_security_group.k8s_custom_rules_sg",
            "module.kube.yandex_vpc_security_group.k8s_main_sg",
            "module.kube.yandex_vpc_security_group.k8s_master_whitelist_sg",
            "module.kube.yandex_vpc_security_group.k8s_nodes_ssh_access_sg"
          ]
        }
      ]
    },
    {
      "module": "module.kube",
      "mode": "managed",
      "type": "yandex_resourcemanager_folder_iam_member",
      "name": "node_account",
      "provider": "provider[\"registry.terraform.io/yandex-cloud/yandex\"]",
      "instances": [
        {
          "schema_version": 0,
          "attributes": {
            "folder_id": "b1g1r3h3cgc8tkumd5a6",
            "id": "b1g1r3h3cgc8tkumd5a6/container-registry.images.puller/serviceAccount:ajeue31sv0jen6jjnlig",
            "member": "serviceAccount:ajeue31sv0jen6jjnlig",
            "role": "container-registry.images.puller",
            "sleep_after": null
          },
          "sensitive_attributes": [],
          "private": "bnVsbA==",
          "dependencies": [
            "module.kube.data.yandex_client_config.client",
            "module.kube.random_string.unique_id",
            "module.kube.yandex_iam_service_account.node_account"
          ]
        }
      ]
    },
    {
      "module": "module.kube",
      "mode": "managed",
      "type": "yandex_resourcemanager_folder_iam_member",
      "name": "sa_calico_network_policy_role",
      "provider": "provider[\"registry.terraform.io/yandex-cloud/yandex\"]",
      "instances": [
        {
          "index_key": 0,
          "schema_version": 0,
          "attributes": {
            "folder_id": "b1g1r3h3cgc8tkumd5a6",
            "id": "b1g1r3h3cgc8tkumd5a6/k8s.clusters.agent/serviceAccount:aje95ufcmbp33dt2pgkg",
            "member": "serviceAccount:aje95ufcmbp33dt2pgkg",
            "role": "k8s.clusters.agent",
            "sleep_after": null
          },
          "sensitive_attributes": [],
          "private": "bnVsbA==",
          "dependencies": [
            "module.kube.data.yandex_client_config.client",
            "module.kube.random_string.unique_id",
            "module.kube.yandex_iam_service_account.master"
          ]
        }
      ]
    },
    {
      "module": "module.kube",
      "mode": "managed",
      "type": "yandex_resourcemanager_folder_iam_member",
      "name": "sa_logging_writer_role",
      "provider": "provider[\"registry.terraform.io/yandex-cloud/yandex\"]",
      "instances": [
        {
          "index_key": 0,
          "schema_version": 0,
          "attributes": {
            "folder_id": "b1g1r3h3cgc8tkumd5a6",
            "id": "b1g1r3h3cgc8tkumd5a6/logging.writer/serviceAccount:aje95ufcmbp33dt2pgkg",
            "member": "serviceAccount:aje95ufcmbp33dt2pgkg",
            "role": "logging.writer",
            "sleep_after": null
          },
          "sensitive_attributes": [],
          "private": "bnVsbA==",
          "dependencies": [
            "module.kube.data.yandex_client_config.client",
            "module.kube.random_string.unique_id",
            "module.kube.yandex_iam_service_account.master"
          ]
        }
      ]
    },
    {
      "module": "module.kube",
      "mode": "managed",
      "type": "yandex_resourcemanager_folder_iam_member",
      "name": "sa_node_group_loadbalancer_role_admin",
      "provider": "provider[\"registry.terraform.io/yandex-cloud/yandex\"]",
      "instances": [
        {
          "index_key": 0,
          "schema_version": 0,
          "attributes": {
            "folder_id": "b1g1r3h3cgc8tkumd5a6",
            "id": "b1g1r3h3cgc8tkumd5a6/load-balancer.admin/serviceAccount:aje95ufcmbp33dt2pgkg",
            "member": "serviceAccount:aje95ufcmbp33dt2pgkg",
            "role": "load-balancer.admin",
            "sleep_after": null
          },
          "sensitive_attributes": [],
          "private": "bnVsbA==",
          "dependencies": [
            "module.kube.data.yandex_client_config.client",
            "module.kube.random_string.unique_id",
            "module.kube.yandex_iam_service_account.master"
          ]
        }
      ]
    },
    {
      "module": "module.kube",
      "mode": "managed",
      "type": "yandex_resourcemanager_folder_iam_member",
      "name": "sa_node_group_public_role_admin",
      "provider": "provider[\"registry.terraform.io/yandex-cloud/yandex\"]",
      "instances": [
        {
          "index_key": 0,
          "schema_version": 0,
          "attributes": {
            "folder_id": "b1g1r3h3cgc8tkumd5a6",
            "id": "b1g1r3h3cgc8tkumd5a6/vpc.publicAdmin/serviceAccount:aje95ufcmbp33dt2pgkg",
            "member": "serviceAccount:aje95ufcmbp33dt2pgkg",
            "role": "vpc.publicAdmin",
            "sleep_after": null
          },
          "sensitive_attributes": [],
          "private": "bnVsbA==",
          "dependencies": [
            "module.kube.data.yandex_client_config.client",
            "module.kube.random_string.unique_id",
            "module.kube.yandex_iam_service_account.master"
          ]
        }
      ]
    },
    {
      "module": "module.kube",
      "mode": "managed",
      "type": "yandex_resourcemanager_folder_iam_member",
      "name": "sa_public_loadbalancers_role",
      "provider": "provider[\"registry.terraform.io/yandex-cloud/yandex\"]",
      "instances": [
        {
          "index_key": 0,
          "schema_version": 0,
          "attributes": {
            "folder_id": "b1g1r3h3cgc8tkumd5a6",
            "id": "b1g1r3h3cgc8tkumd5a6/load-balancer.admin/serviceAccount:aje95ufcmbp33dt2pgkg",
            "member": "serviceAccount:aje95ufcmbp33dt2pgkg",
            "role": "load-balancer.admin",
            "sleep_after": null
          },
          "sensitive_attributes": [],
          "private": "bnVsbA==",
          "dependencies": [
            "module.kube.data.yandex_client_config.client",
            "module.kube.random_string.unique_id",
            "module.kube.yandex_iam_service_account.master"
          ]
        }
      ]
    },
    {
      "module": "module.kube",
      "mode": "managed",
      "type": "yandex_vpc_security_group",
      "name": "k8s_main_sg",
      "provider": "provider[\"registry.terraform.io/yandex-cloud/yandex\"]",
      "instances": [
        {
          "index_key": 0,
          "schema_version": 0,
          "attributes": {
            "created_at": "2023-06-16T07:38:28Z",
            "description": "K8S security group",
            "egress": [
              {
                "description": "Rule allows all outgoing traffic. Nodes can connect to Yandex Container Registry, Yandex Object Storage, Docker Hub, and so on.",
                "from_port": 0,
                "id": "enpdhelahee10iqrablv",
                "labels": {},
                "port": -1,
                "predefined_target": "",
                "protocol": "ANY",
                "security_group_id": "",
                "to_port": 65535,
                "v4_cidr_blocks": [
                  "0.0.0.0/0"
                ],
                "v6_cidr_blocks": []
              }
            ],
            "folder_id": "b1g1r3h3cgc8tkumd5a6",
            "id": "enpepsrmdb3jafvdn5d9",
            "ingress": [
              {
                "description": "All incoming access",
                "from_port": -1,
                "id": "enpfteklfekia0onljmq",
                "labels": {},
                "port": -1,
                "predefined_target": "",
                "protocol": "ANY",
                "security_group_id": "",
                "to_port": -1,
                "v4_cidr_blocks": [
                  "0.0.0.0/0"
                ],
                "v6_cidr_blocks": []
              },
              {
                "description": "Rule allows availability checks from load balancer's address range. It is required for the operation of a fault-tolerant cluster and load balancer services.",
                "from_port": 0,
                "id": "enp5nbbgh6qfsa6jki0d",
                "labels": {},
                "port": -1,
                "predefined_target": "loadbalancer_healthchecks",
                "protocol": "TCP",
                "security_group_id": "",
                "to_port": 65535,
                "v4_cidr_blocks": [],
                "v6_cidr_blocks": []
              },
              {
                "description": "Rule allows debugging ICMP packets from internal subnets.",
                "from_port": -1,
                "id": "enpu1v9kuhsbrthpm2kd",
                "labels": {},
                "port": -1,
                "predefined_target": "",
                "protocol": "ICMP",
                "security_group_id": "",
                "to_port": -1,
                "v4_cidr_blocks": [
                  "10.0.0.0/8",
                  "172.16.0.0/12",
                  "192.168.0.0/16"
                ],
                "v6_cidr_blocks": []
              },
              {
                "description": "Rule allows incomming traffic from the Internet to the NodePort port range. Add ports or change existing ones to the required ports.",
                "from_port": 30000,
                "id": "enpuif53oaino7sekbjt",
                "labels": {},
                "port": -1,
                "predefined_target": "",
                "protocol": "TCP",
                "security_group_id": "",
                "to_port": 32767,
                "v4_cidr_blocks": [
                  "0.0.0.0/0"
                ],
                "v6_cidr_blocks": []
              },
              {
                "description": "Rule allows master-node and node-node communication inside a security group.",
                "from_port": 0,
                "id": "enpa7jj3cmqmrmgam265",
                "labels": {},
                "port": -1,
                "predefined_target": "self_security_group",
                "protocol": "ANY",
                "security_group_id": "",
                "to_port": 65535,
                "v4_cidr_blocks": [],
                "v6_cidr_blocks": []
              },
              {
                "description": "Rule allows pod-pod and service-service communication inside a security group. Indicate your IP ranges.",
                "from_port": 0,
                "id": "enpl72embr16tpp8ufh4",
                "labels": {},
                "port": -1,
                "predefined_target": "",
                "protocol": "ANY",
                "security_group_id": "",
                "to_port": 65535,
                "v4_cidr_blocks": [
                  "172.17.0.0/16",
                  "172.18.0.0/16"
                ],
                "v6_cidr_blocks": []
              }
            ],
            "labels": {},
            "name": "k8s-security-main-flf7qwvy",
            "network_id": "enp7tva0919aur9e6not",
            "status": "ACTIVE",
            "timeouts": null
          },
          "sensitive_attributes": [],
          "private": "eyJlMmJmYjczMC1lY2FhLTExZTYtOGY4OC0zNDM2M2JjN2M0YzAiOnsiY3JlYXRlIjoxODAwMDAwMDAwMDAsImRlbGV0ZSI6MTgwMDAwMDAwMDAwLCJ1cGRhdGUiOjE4MDAwMDAwMDAwMH19",
          "dependencies": [
            "module.kube.data.yandex_client_config.client",
            "module.kube.random_string.unique_id"
          ]
        }
      ]
    },
    {
      "module": "module.kube",
      "mode": "managed",
      "type": "yandex_vpc_security_group",
      "name": "k8s_master_whitelist_sg",
      "provider": "provider[\"registry.terraform.io/yandex-cloud/yandex\"]",
      "instances": [
        {
          "index_key": 0,
          "schema_version": 0,
          "attributes": {
            "created_at": "2023-06-16T07:38:26Z",
            "description": "Allow access to Kubernetes API from internet.",
            "egress": [],
            "folder_id": "b1g1r3h3cgc8tkumd5a6",
            "id": "enprqgasotpdauil6gq4",
            "ingress": [
              {
                "description": "Allow access to Kubernetes API via port 443 from subnet.",
                "from_port": -1,
                "id": "enp70u2brs7fkdetkatd",
                "labels": {},
                "port": 443,
                "predefined_target": "",
                "protocol": "TCP",
                "security_group_id": "",
                "to_port": -1,
                "v4_cidr_blocks": [
                  "0.0.0.0/0"
                ],
                "v6_cidr_blocks": []
              },
              {
                "description": "Allow access to Kubernetes API via port 6443 from subnet.",
                "from_port": -1,
                "id": "enpf7ck8ch7er7b6mh2i",
                "labels": {},
                "port": 6443,
                "predefined_target": "",
                "protocol": "TCP",
                "security_group_id": "",
                "to_port": -1,
                "v4_cidr_blocks": [
                  "0.0.0.0/0"
                ],
                "v6_cidr_blocks": []
              }
            ],
            "labels": {},
            "name": "k8s-master-whitelist-flf7qwvy",
            "network_id": "enp7tva0919aur9e6not",
            "status": "ACTIVE",
            "timeouts": null
          },
          "sensitive_attributes": [],
          "private": "eyJlMmJmYjczMC1lY2FhLTExZTYtOGY4OC0zNDM2M2JjN2M0YzAiOnsiY3JlYXRlIjoxODAwMDAwMDAwMDAsImRlbGV0ZSI6MTgwMDAwMDAwMDAwLCJ1cGRhdGUiOjE4MDAwMDAwMDAwMH19",
          "dependencies": [
            "module.kube.data.yandex_client_config.client",
            "module.kube.random_string.unique_id"
          ]
        }
      ]
    },
    {
      "module": "module.kube",
      "mode": "managed",
      "type": "yandex_vpc_security_group",
      "name": "k8s_nodes_ssh_access_sg",
      "provider": "provider[\"registry.terraform.io/yandex-cloud/yandex\"]",
      "instances": [
        {
          "index_key": 0,
          "schema_version": 0,
          "attributes": {
            "created_at": "2023-06-16T07:38:26Z",
            "description": "Allow connect to workers nodes from internet SSH.",
            "egress": [],
            "folder_id": "b1g1r3h3cgc8tkumd5a6",
            "id": "enp0gucllu5hbl922kv7",
            "ingress": [
              {
                "description": "Allow access to worker nodes via SSH from IP's.",
                "from_port": -1,
                "id": "enplp1gmgga9j3uh2ju3",
                "labels": {},
                "port": 22,
                "predefined_target": "",
                "protocol": "TCP",
                "security_group_id": "",
                "to_port": -1,
                "v4_cidr_blocks": [
                  "0.0.0.0/0"
                ],
                "v6_cidr_blocks": []
              }
            ],
            "labels": {},
            "name": "k8s-nodes-ssh-access-flf7qwvy",
            "network_id": "enp7tva0919aur9e6not",
            "status": "ACTIVE",
            "timeouts": null
          },
          "sensitive_attributes": [],
          "private": "eyJlMmJmYjczMC1lY2FhLTExZTYtOGY4OC0zNDM2M2JjN2M0YzAiOnsiY3JlYXRlIjoxODAwMDAwMDAwMDAsImRlbGV0ZSI6MTgwMDAwMDAwMDAwLCJ1cGRhdGUiOjE4MDAwMDAwMDAwMH19",
          "dependencies": [
            "module.kube.data.yandex_client_config.client",
            "module.kube.random_string.unique_id"
          ]
        }
      ]
    }
  ],
  "check_results": null
}
